
Microsoft Visual Studio Solution File, Format Version 12.00
# Visual Studio Version 16
VisualStudioVersion = 16.0.30907.101
MinimumVisualStudioVersion = 10.0.40219.1
Project("{FAE04EC0-301F-11D3-BF4B-00C04F79EFBC}") = "СalculationOfUtilities", "СalculationOfUtilities.csproj", "{8285C3E4-01CF-41FD-AFA3-65C2DCFC9FA2}"
EndProject
Global
	GlobalSection(SolutionConfigurationPlatforms) = preSolution
		Debug|Any CPU = Debug|Any CPU
		Release|Any CPU = Release|Any CPU
	EndGlobalSection
	GlobalSection(ProjectConfigurationPlatforms) = postSolution
		{8285C3E4-01CF-41FD-AFA3-65C2DCFC9FA2}.Debug|Any CPU.ActiveCfg = Debug|Any CPU
		{8285C3E4-01CF-41FD-AFA3-65C2DCFC9FA2}.Debug|Any CPU.Build.0 = Debug|Any CPU
		{8285C3E4-01CF-41FD-AFA3-65C2DCFC9FA2}.Release|Any CPU.ActiveCfg = Release|Any CPU
		{8285C3E4-01CF-41FD-AFA3-65C2DCFC9FA2}.Release|Any CPU.Build.0 = Release|Any CPU
	EndGlobalSection
	GlobalSection(SolutionProperties) = preSolution
		HideSolutionNode = FALSE
	EndGlobalSection
	GlobalSection(ExtensibilityGlobals) = postSolution
		SolutionGuid = {21D9F5F1-0DB7-406F-A8CC-6311192CC4BD}
	EndGlobalSection
EndGlobal
